
Microsoft Visual Studio Solution File, Format Version 12.00
# Visual Studio Version 16
VisualStudioVersion = 16.0.31005.135
MinimumVisualStudioVersion = 10.0.40219.1
Project("{FAE04EC0-301F-11D3-BF4B-00C04F79EFBC}") = "ToDoList", "ToDoList.csproj", "{B9549205-E749-4A1F-A578-D16F4A44E8DD}"
EndProject
Global
	GlobalSection(SolutionConfigurationPlatforms) = preSolution
		Debug|Any CPU = Debug|Any CPU
		Release|Any CPU = Release|Any CPU
	EndGlobalSection
	GlobalSection(ProjectConfigurationPlatforms) = postSolution
		{B9549205-E749-4A1F-A578-D16F4A44E8DD}.Debug|Any CPU.ActiveCfg = Debug|Any CPU
		{B9549205-E749-4A1F-A578-D16F4A44E8DD}.Debug|Any CPU.Build.0 = Debug|Any CPU
		{B9549205-E749-4A1F-A578-D16F4A44E8DD}.Release|Any CPU.ActiveCfg = Release|Any CPU
		{B9549205-E749-4A1F-A578-D16F4A44E8DD}.Release|Any CPU.Build.0 = Release|Any CPU
	EndGlobalSection
	GlobalSection(SolutionProperties) = preSolution
		HideSolutionNode = FALSE
	EndGlobalSection
	GlobalSection(ExtensibilityGlobals) = postSolution
		SolutionGuid = {9D7913EE-1463-4FD4-AF73-6BE02DAF9E79}
	EndGlobalSection
EndGlobal
